
Microsoft Visual Studio Solution File, Format Version 12.00
# Visual Studio 14
VisualStudioVersion = 14.0.25420.1
MinimumVisualStudioVersion = 10.0.40219.1
Project("{FAE04EC0-301F-11D3-BF4B-00C04F79EFBC}") = "Chain", "Chain\Chain.csproj", "{3395D5FE-AA6E-4B03-8150-D6A80078B588}"
EndProject
Project("{FAE04EC0-301F-11D3-BF4B-00C04F79EFBC}") = "BlockControl", "BlockControl\BlockControl.csproj", "{15E4E331-0FF8-4685-B526-86EFF118C696}"
EndProject
Global
	GlobalSection(SolutionConfigurationPlatforms) = preSolution
		Debug|Any CPU = Debug|Any CPU
		Release|Any CPU = Release|Any CPU
	EndGlobalSection
	GlobalSection(ProjectConfigurationPlatforms) = postSolution
		{3395D5FE-AA6E-4B03-8150-D6A80078B588}.Debug|Any CPU.ActiveCfg = Debug|Any CPU
		{3395D5FE-AA6E-4B03-8150-D6A80078B588}.Debug|Any CPU.Build.0 = Debug|Any CPU
		{3395D5FE-AA6E-4B03-8150-D6A80078B588}.Release|Any CPU.ActiveCfg = Release|Any CPU
		{3395D5FE-AA6E-4B03-8150-D6A80078B588}.Release|Any CPU.Build.0 = Release|Any CPU
		{15E4E331-0FF8-4685-B526-86EFF118C696}.Debug|Any CPU.ActiveCfg = Debug|Any CPU
		{15E4E331-0FF8-4685-B526-86EFF118C696}.Debug|Any CPU.Build.0 = Debug|Any CPU
		{15E4E331-0FF8-4685-B526-86EFF118C696}.Release|Any CPU.ActiveCfg = Release|Any CPU
		{15E4E331-0FF8-4685-B526-86EFF118C696}.Release|Any CPU.Build.0 = Release|Any CPU
	EndGlobalSection
	GlobalSection(SolutionProperties) = preSolution
		HideSolutionNode = FALSE
	EndGlobalSection
EndGlobal
